
Microsoft Visual Studio Solution File, Format Version 12.00
# Visual Studio Version 16
VisualStudioVersion = 16.0.29306.81
MinimumVisualStudioVersion = 10.0.40219.1
Project("{8BC9CEB8-8B4A-11D0-8D11-00A0C91BC942}") = "Sandbox", "Sandbox\Sandbox.vcxproj", "{A01EB322-FD1D-4316-9F83-78873859EBDD}"
EndProject
Project("{8BC9CEB8-8B4A-11D0-8D11-00A0C91BC942}") = "GameEngine", "GameEngine\GameEngine.vcxproj", "{FA954B31-824D-491D-8CE2-1010E19CCE37}"
EndProject
Global
	GlobalSection(SolutionConfigurationPlatforms) = preSolution
		Debug|x64 = Debug|x64
		Release|x64 = Release|x64
	EndGlobalSection
	GlobalSection(ProjectConfigurationPlatforms) = postSolution
		{FA954B31-824D-491D-8CE2-1010E19CCE37}.Debug|x64.ActiveCfg = Debug|x64
		{FA954B31-824D-491D-8CE2-1010E19CCE37}.Debug|x64.Build.0 = Debug|x64
		{FA954B31-824D-491D-8CE2-1010E19CCE37}.Release|x64.ActiveCfg = Release|x64
		{FA954B31-824D-491D-8CE2-1010E19CCE37}.Release|x64.Build.0 = Release|x64
		{A01EB322-FD1D-4316-9F83-78873859EBDD}.Debug|x64.ActiveCfg = Debug|x64
		{A01EB322-FD1D-4316-9F83-78873859EBDD}.Debug|x64.Build.0 = Debug|x64
		{A01EB322-FD1D-4316-9F83-78873859EBDD}.Release|x64.ActiveCfg = Release|x64
		{A01EB322-FD1D-4316-9F83-78873859EBDD}.Release|x64.Build.0 = Release|x64
	EndGlobalSection
	GlobalSection(SolutionProperties) = preSolution
		HideSolutionNode = FALSE
	EndGlobalSection
	GlobalSection(ExtensibilityGlobals) = postSolution
		SolutionGuid = {5F66B42B-2D65-4D64-A9F7-8706FC0242C8}
	EndGlobalSection
EndGlobal
